
Microsoft Visual Studio Solution File, Format Version 12.00
# Visual Studio 2013
VisualStudioVersion = 12.0.30501.0
MinimumVisualStudioVersion = 10.0.40219.1
Project("{FAE04EC0-301F-11D3-BF4B-00C04F79EFBC}") = "Platformer", "Platformer\Platformer\Platformer.csproj", "{8967F24F-E0C7-4451-89BE-29C5CC1DB06B}"
EndProject
Project("{FAE04EC0-301F-11D3-BF4B-00C04F79EFBC}") = "PlatformerContent", "Platformer\PlatformerContent\PlatformerContent.contentproj", "{5BCCDC61-36D3-4F27-8BC3-672475AD4BF3}"
EndProject
Global
	GlobalSection(SolutionConfigurationPlatforms) = preSolution
		Debug|Any CPU = Debug|Any CPU
		Debug|Mixed Platforms = Debug|Mixed Platforms
		Debug|x86 = Debug|x86
		Release|Any CPU = Release|Any CPU
		Release|Mixed Platforms = Release|Mixed Platforms
		Release|x86 = Release|x86
	EndGlobalSection
	GlobalSection(ProjectConfigurationPlatforms) = postSolution
		{8967F24F-E0C7-4451-89BE-29C5CC1DB06B}.Debug|Any CPU.ActiveCfg = Debug|x86
		{8967F24F-E0C7-4451-89BE-29C5CC1DB06B}.Debug|Mixed Platforms.ActiveCfg = Debug|x86
		{8967F24F-E0C7-4451-89BE-29C5CC1DB06B}.Debug|Mixed Platforms.Build.0 = Debug|x86
		{8967F24F-E0C7-4451-89BE-29C5CC1DB06B}.Debug|x86.ActiveCfg = Debug|x86
		{8967F24F-E0C7-4451-89BE-29C5CC1DB06B}.Debug|x86.Build.0 = Debug|x86
		{8967F24F-E0C7-4451-89BE-29C5CC1DB06B}.Release|Any CPU.ActiveCfg = Release|x86
		{8967F24F-E0C7-4451-89BE-29C5CC1DB06B}.Release|Mixed Platforms.ActiveCfg = Release|x86
		{8967F24F-E0C7-4451-89BE-29C5CC1DB06B}.Release|Mixed Platforms.Build.0 = Release|x86
		{8967F24F-E0C7-4451-89BE-29C5CC1DB06B}.Release|x86.ActiveCfg = Release|x86
		{8967F24F-E0C7-4451-89BE-29C5CC1DB06B}.Release|x86.Build.0 = Release|x86
		{5BCCDC61-36D3-4F27-8BC3-672475AD4BF3}.Debug|Any CPU.ActiveCfg = Debug|x86
		{5BCCDC61-36D3-4F27-8BC3-672475AD4BF3}.Debug|Mixed Platforms.ActiveCfg = Debug|x86
		{5BCCDC61-36D3-4F27-8BC3-672475AD4BF3}.Debug|x86.ActiveCfg = Debug|x86
		{5BCCDC61-36D3-4F27-8BC3-672475AD4BF3}.Release|Any CPU.ActiveCfg = Release|x86
		{5BCCDC61-36D3-4F27-8BC3-672475AD4BF3}.Release|Mixed Platforms.ActiveCfg = Release|x86
		{5BCCDC61-36D3-4F27-8BC3-672475AD4BF3}.Release|x86.ActiveCfg = Release|x86
	EndGlobalSection
	GlobalSection(SolutionProperties) = preSolution
		HideSolutionNode = FALSE
	EndGlobalSection
EndGlobal
